// !$*UTF8*$!
{
	archiveVersion = 1;
	classes = {
	};
	objectVersion = 50;
	objects = {

/* Begin PBXBuildFile section */
		F32F5F8E223FC74E003BD407 /* PersonTests.swift in Sources */ = {isa = PBXBuildFile; fileRef = F32F5F8D223FC74E003BD407 /* PersonTests.swift */; };
		F32F5F912240F06D003BD407 /* TableViewController.swift in Sources */ = {isa = PBXBuildFile; fileRef = F32F5F902240F06D003BD407 /* TableViewController.swift */; };
		F32F5F94224100F7003BD407 /* ModelTableView.swift in Sources */ = {isa = PBXBuildFile; fileRef = F32F5F93224100F7003BD407 /* ModelTableView.swift */; };
		F334810F22421F2200BD5E03 /* AddTableViewController.swift in Sources */ = {isa = PBXBuildFile; fileRef = F334810E22421F2200BD5E03 /* AddTableViewController.swift */; };
		F33481152242240300BD5E03 /* TableViewCell.swift in Sources */ = {isa = PBXBuildFile; fileRef = F33481142242240300BD5E03 /* TableViewCell.swift */; };
		F334816122424B2000BD5E03 /* CoreDataManager.swift in Sources */ = {isa = PBXBuildFile; fileRef = F334816022424B2000BD5E03 /* CoreDataManager.swift */; };
		F33481642243144200BD5E03 /* FormValidatorHelper.swift in Sources */ = {isa = PBXBuildFile; fileRef = F33481632243144200BD5E03 /* FormValidatorHelper.swift */; };
		F33481662243146600BD5E03 /* DialogBoxHelper.swift in Sources */ = {isa = PBXBuildFile; fileRef = F33481652243146600BD5E03 /* DialogBoxHelper.swift */; };
		F33481682243149E00BD5E03 /* NotificationHelper.swift in Sources */ = {isa = PBXBuildFile; fileRef = F33481672243149E00BD5E03 /* NotificationHelper.swift */; };
		F334816A2244FEF700BD5E03 /* EditTableViewController.swift in Sources */ = {isa = PBXBuildFile; fileRef = F33481692244FEF700BD5E03 /* EditTableViewController.swift */; };
		F3D0A305223812D600D1DEF6 /* AppDelegate.swift in Sources */ = {isa = PBXBuildFile; fileRef = F3D0A304223812D600D1DEF6 /* AppDelegate.swift */; };
		F3D0A307223812D600D1DEF6 /* ViewController.swift in Sources */ = {isa = PBXBuildFile; fileRef = F3D0A306223812D600D1DEF6 /* ViewController.swift */; };
		F3D0A30A223812D600D1DEF6 /* Main.storyboard in Resources */ = {isa = PBXBuildFile; fileRef = F3D0A308223812D600D1DEF6 /* Main.storyboard */; };
		F3D0A30D223812D600D1DEF6 /* TD1.xcdatamodeld in Sources */ = {isa = PBXBuildFile; fileRef = F3D0A30B223812D600D1DEF6 /* TD1.xcdatamodeld */; };
		F3D0A30F223812D900D1DEF6 /* Assets.xcassets in Resources */ = {isa = PBXBuildFile; fileRef = F3D0A30E223812D900D1DEF6 /* Assets.xcassets */; };
		F3D0A312223812D900D1DEF6 /* LaunchScreen.storyboard in Resources */ = {isa = PBXBuildFile; fileRef = F3D0A310223812D900D1DEF6 /* LaunchScreen.storyboard */; };
		F3D0A31D223812D900D1DEF6 /* TD1Tests.swift in Sources */ = {isa = PBXBuildFile; fileRef = F3D0A31C223812D900D1DEF6 /* TD1Tests.swift */; };
		F3D0A328223812D900D1DEF6 /* TD1UITests.swift in Sources */ = {isa = PBXBuildFile; fileRef = F3D0A327223812D900D1DEF6 /* TD1UITests.swift */; };
		F3D0A338223817A400D1DEF6 /* PersonExtension.swift in Sources */ = {isa = PBXBuildFile; fileRef = F3D0A337223817A400D1DEF6 /* PersonExtension.swift */; };
		F3D0A33A223956AF00D1DEF6 /* PersonSet.swift in Sources */ = {isa = PBXBuildFile; fileRef = F3D0A339223956AF00D1DEF6 /* PersonSet.swift */; };
/* End PBXBuildFile section */

/* Begin PBXContainerItemProxy section */
		F3D0A319223812D900D1DEF6 /* PBXContainerItemProxy */ = {
			isa = PBXContainerItemProxy;
			containerPortal = F3D0A2F9223812D500D1DEF6 /* Project object */;
			proxyType = 1;
			remoteGlobalIDString = F3D0A300223812D600D1DEF6;
			remoteInfo = TD1;
		};
		F3D0A324223812D900D1DEF6 /* PBXContainerItemProxy */ = {
			isa = PBXContainerItemProxy;
			containerPortal = F3D0A2F9223812D500D1DEF6 /* Project object */;
			proxyType = 1;
			remoteGlobalIDString = F3D0A300223812D600D1DEF6;
			remoteInfo = TD1;
		};
/* End PBXContainerItemProxy section */

/* Begin PBXFileReference section */
		F32F5F8D223FC74E003BD407 /* PersonTests.swift */ = {isa = PBXFileReference; lastKnownFileType = sourcecode.swift; path = PersonTests.swift; sourceTree = "<group>"; };
		F32F5F902240F06D003BD407 /* TableViewController.swift */ = {isa = PBXFileReference; lastKnownFileType = sourcecode.swift; path = TableViewController.swift; sourceTree = "<group>"; };
		F32F5F93224100F7003BD407 /* ModelTableView.swift */ = {isa = PBXFileReference; lastKnownFileType = sourcecode.swift; path = ModelTableView.swift; sourceTree = "<group>"; };
		F334810E22421F2200BD5E03 /* AddTableViewController.swift */ = {isa = PBXFileReference; lastKnownFileType = sourcecode.swift; path = AddTableViewController.swift; sourceTree = "<group>"; };
		F33481142242240300BD5E03 /* TableViewCell.swift */ = {isa = PBXFileReference; lastKnownFileType = sourcecode.swift; path = TableViewCell.swift; sourceTree = "<group>"; };
		F334816022424B2000BD5E03 /* CoreDataManager.swift */ = {isa = PBXFileReference; lastKnownFileType = sourcecode.swift; path = CoreDataManager.swift; sourceTree = "<group>"; };
		F33481632243144200BD5E03 /* FormValidatorHelper.swift */ = {isa = PBXFileReference; lastKnownFileType = sourcecode.swift; path = FormValidatorHelper.swift; sourceTree = "<group>"; };
		F33481652243146600BD5E03 /* DialogBoxHelper.swift */ = {isa = PBXFileReference; lastKnownFileType = sourcecode.swift; path = DialogBoxHelper.swift; sourceTree = "<group>"; };
		F33481672243149E00BD5E03 /* NotificationHelper.swift */ = {isa = PBXFileReference; lastKnownFileType = sourcecode.swift; path = NotificationHelper.swift; sourceTree = "<group>"; };
		F33481692244FEF700BD5E03 /* EditTableViewController.swift */ = {isa = PBXFileReference; lastKnownFileType = sourcecode.swift; path = EditTableViewController.swift; sourceTree = "<group>"; };
		F3D0A301223812D600D1DEF6 /* TD1.app */ = {isa = PBXFileReference; explicitFileType = wrapper.application; includeInIndex = 0; path = TD1.app; sourceTree = BUILT_PRODUCTS_DIR; };
		F3D0A304223812D600D1DEF6 /* AppDelegate.swift */ = {isa = PBXFileReference; lastKnownFileType = sourcecode.swift; path = AppDelegate.swift; sourceTree = "<group>"; };
		F3D0A306223812D600D1DEF6 /* ViewController.swift */ = {isa = PBXFileReference; lastKnownFileType = sourcecode.swift; path = ViewController.swift; sourceTree = "<group>"; };
		F3D0A309223812D600D1DEF6 /* Base */ = {isa = PBXFileReference; lastKnownFileType = file.storyboard; name = Base; path = Base.lproj/Main.storyboard; sourceTree = "<group>"; };
		F3D0A30C223812D600D1DEF6 /* TD1.xcdatamodel */ = {isa = PBXFileReference; lastKnownFileType = wrapper.xcdatamodel; path = TD1.xcdatamodel; sourceTree = "<group>"; };
		F3D0A30E223812D900D1DEF6 /* Assets.xcassets */ = {isa = PBXFileReference; lastKnownFileType = folder.assetcatalog; path = Assets.xcassets; sourceTree = "<group>"; };
		F3D0A311223812D900D1DEF6 /* Base */ = {isa = PBXFileReference; lastKnownFileType = file.storyboard; name = Base; path = Base.lproj/LaunchScreen.storyboard; sourceTree = "<group>"; };
		F3D0A313223812D900D1DEF6 /* Info.plist */ = {isa = PBXFileReference; lastKnownFileType = text.plist.xml; path = Info.plist; sourceTree = "<group>"; };
		F3D0A318223812D900D1DEF6 /* TD1Tests.xctest */ = {isa = PBXFileReference; explicitFileType = wrapper.cfbundle; includeInIndex = 0; path = TD1Tests.xctest; sourceTree = BUILT_PRODUCTS_DIR; };
		F3D0A31C223812D900D1DEF6 /* TD1Tests.swift */ = {isa = PBXFileReference; lastKnownFileType = sourcecode.swift; path = TD1Tests.swift; sourceTree = "<group>"; };
		F3D0A31E223812D900D1DEF6 /* Info.plist */ = {isa = PBXFileReference; lastKnownFileType = text.plist.xml; path = Info.plist; sourceTree = "<group>"; };
		F3D0A323223812D900D1DEF6 /* TD1UITests.xctest */ = {isa = PBXFileReference; explicitFileType = wrapper.cfbundle; includeInIndex = 0; path = TD1UITests.xctest; sourceTree = BUILT_PRODUCTS_DIR; };
		F3D0A327223812D900D1DEF6 /* TD1UITests.swift */ = {isa = PBXFileReference; lastKnownFileType = sourcecode.swift; path = TD1UITests.swift; sourceTree = "<group>"; };
		F3D0A329223812D900D1DEF6 /* Info.plist */ = {isa = PBXFileReference; lastKnownFileType = text.plist.xml; path = Info.plist; sourceTree = "<group>"; };
		F3D0A337223817A400D1DEF6 /* PersonExtension.swift */ = {isa = PBXFileReference; lastKnownFileType = sourcecode.swift; path = PersonExtension.swift; sourceTree = "<group>"; };
		F3D0A339223956AF00D1DEF6 /* PersonSet.swift */ = {isa = PBXFileReference; lastKnownFileType = sourcecode.swift; path = PersonSet.swift; sourceTree = "<group>"; };
/* End PBXFileReference section */

/* Begin PBXFrameworksBuildPhase section */
		F3D0A2FE223812D600D1DEF6 /* Frameworks */ = {
			isa = PBXFrameworksBuildPhase;
			buildActionMask = 2147483647;
			files = (
			);
			runOnlyForDeploymentPostprocessing = 0;
		};
		F3D0A315223812D900D1DEF6 /* Frameworks */ = {
			isa = PBXFrameworksBuildPhase;
			buildActionMask = 2147483647;
			files = (
			);
			runOnlyForDeploymentPostprocessing = 0;
		};
		F3D0A320223812D900D1DEF6 /* Frameworks */ = {
			isa = PBXFrameworksBuildPhase;
			buildActionMask = 2147483647;
			files = (
			);
			runOnlyForDeploymentPostprocessing = 0;
		};
/* End PBXFrameworksBuildPhase section */

/* Begin PBXGroup section */
		F32F5F8F2240F017003BD407 /* Controller */ = {
			isa = PBXGroup;
			children = (
				F3348113224223A200BD5E03 /* Person */,
			);
			path = Controller;
			sourceTree = "<group>";
		};
		F32F5F92224100D4003BD407 /* Model */ = {
			isa = PBXGroup;
			children = (
				F33481622243141400BD5E03 /* Helpers */,
				F33481122242239C00BD5E03 /* Person */,
				F32F5F93224100F7003BD407 /* ModelTableView.swift */,
			);
			path = Model;
			sourceTree = "<group>";
		};
		F33481102242234400BD5E03 /* Cells */ = {
			isa = PBXGroup;
			children = (
				F33481112242234E00BD5E03 /* Person */,
			);
			path = Cells;
			sourceTree = "<group>";
		};
		F33481112242234E00BD5E03 /* Person */ = {
			isa = PBXGroup;
			children = (
				F33481142242240300BD5E03 /* TableViewCell.swift */,
			);
			path = Person;
			sourceTree = "<group>";
		};
		F33481122242239C00BD5E03 /* Person */ = {
			isa = PBXGroup;
			children = (
				F3D0A337223817A400D1DEF6 /* PersonExtension.swift */,
				F3D0A339223956AF00D1DEF6 /* PersonSet.swift */,
			);
			path = Person;
			sourceTree = "<group>";
		};
		F3348113224223A200BD5E03 /* Person */ = {
			isa = PBXGroup;
			children = (
				F3D0A306223812D600D1DEF6 /* ViewController.swift */,
				F32F5F902240F06D003BD407 /* TableViewController.swift */,
				F334810E22421F2200BD5E03 /* AddTableViewController.swift */,
				F33481692244FEF700BD5E03 /* EditTableViewController.swift */,
			);
			path = Person;
			sourceTree = "<group>";
		};
		F33481622243141400BD5E03 /* Helpers */ = {
			isa = PBXGroup;
			children = (
				F334816022424B2000BD5E03 /* CoreDataManager.swift */,
				F33481632243144200BD5E03 /* FormValidatorHelper.swift */,
				F33481652243146600BD5E03 /* DialogBoxHelper.swift */,
				F33481672243149E00BD5E03 /* NotificationHelper.swift */,
			);
			path = Helpers;
			sourceTree = "<group>";
		};
		F3D0A2F8223812D500D1DEF6 = {
			isa = PBXGroup;
			children = (
				F3D0A303223812D600D1DEF6 /* TD1 */,
				F3D0A31B223812D900D1DEF6 /* TD1Tests */,
				F3D0A326223812D900D1DEF6 /* TD1UITests */,
				F3D0A302223812D600D1DEF6 /* Products */,
			);
			sourceTree = "<group>";
		};
		F3D0A302223812D600D1DEF6 /* Products */ = {
			isa = PBXGroup;
			children = (
				F3D0A301223812D600D1DEF6 /* TD1.app */,
				F3D0A318223812D900D1DEF6 /* TD1Tests.xctest */,
				F3D0A323223812D900D1DEF6 /* TD1UITests.xctest */,
			);
			name = Products;
			sourceTree = "<group>";
		};
		F3D0A303223812D600D1DEF6 /* TD1 */ = {
			isa = PBXGroup;
			children = (
				F33481102242234400BD5E03 /* Cells */,
				F32F5F92224100D4003BD407 /* Model */,
				F32F5F8F2240F017003BD407 /* Controller */,
				F3D0A304223812D600D1DEF6 /* AppDelegate.swift */,
				F3D0A308223812D600D1DEF6 /* Main.storyboard */,
				F3D0A30E223812D900D1DEF6 /* Assets.xcassets */,
				F3D0A310223812D900D1DEF6 /* LaunchScreen.storyboard */,
				F3D0A313223812D900D1DEF6 /* Info.plist */,
				F3D0A30B223812D600D1DEF6 /* TD1.xcdatamodeld */,
			);
			path = TD1;
			sourceTree = "<group>";
		};
		F3D0A31B223812D900D1DEF6 /* TD1Tests */ = {
			isa = PBXGroup;
			children = (
				F3D0A31C223812D900D1DEF6 /* TD1Tests.swift */,
				F3D0A31E223812D900D1DEF6 /* Info.plist */,
				F32F5F8D223FC74E003BD407 /* PersonTests.swift */,
			);
			path = TD1Tests;
			sourceTree = "<group>";
		};
		F3D0A326223812D900D1DEF6 /* TD1UITests */ = {
			isa = PBXGroup;
			children = (
				F3D0A327223812D900D1DEF6 /* TD1UITests.swift */,
				F3D0A329223812D900D1DEF6 /* Info.plist */,
			);
			path = TD1UITests;
			sourceTree = "<group>";
		};
/* End PBXGroup section */

/* Begin PBXNativeTarget section */
		F3D0A300223812D600D1DEF6 /* TD1 */ = {
			isa = PBXNativeTarget;
			buildConfigurationList = F3D0A32C223812D900D1DEF6 /* Build configuration list for PBXNativeTarget "TD1" */;
			buildPhases = (
				F3D0A2FD223812D600D1DEF6 /* Sources */,
				F3D0A2FE223812D600D1DEF6 /* Frameworks */,
				F3D0A2FF223812D600D1DEF6 /* Resources */,
			);
			buildRules = (
			);
			dependencies = (
			);
			name = TD1;
			productName = TD1;
			productReference = F3D0A301223812D600D1DEF6 /* TD1.app */;
			productType = "com.apple.product-type.application";
		};
		F3D0A317223812D900D1DEF6 /* TD1Tests */ = {
			isa = PBXNativeTarget;
			buildConfigurationList = F3D0A32F223812DA00D1DEF6 /* Build configuration list for PBXNativeTarget "TD1Tests" */;
			buildPhases = (
				F3D0A314223812D900D1DEF6 /* Sources */,
				F3D0A315223812D900D1DEF6 /* Frameworks */,
				F3D0A316223812D900D1DEF6 /* Resources */,
			);
			buildRules = (
			);
			dependencies = (
				F3D0A31A223812D900D1DEF6 /* PBXTargetDependency */,
			);
			name = TD1Tests;
			productName = TD1Tests;
			productReference = F3D0A318223812D900D1DEF6 /* TD1Tests.xctest */;
			productType = "com.apple.product-type.bundle.unit-test";
		};
		F3D0A322223812D900D1DEF6 /* TD1UITests */ = {
			isa = PBXNativeTarget;
			buildConfigurationList = F3D0A332223812DA00D1DEF6 /* Build configuration list for PBXNativeTarget "TD1UITests" */;
			buildPhases = (
				F3D0A31F223812D900D1DEF6 /* Sources */,
				F3D0A320223812D900D1DEF6 /* Frameworks */,
				F3D0A321223812D900D1DEF6 /* Resources */,
			);
			buildRules = (
			);
			dependencies = (
				F3D0A325223812D900D1DEF6 /* PBXTargetDependency */,
			);
			name = TD1UITests;
			productName = TD1UITests;
			productReference = F3D0A323223812D900D1DEF6 /* TD1UITests.xctest */;
			productType = "com.apple.product-type.bundle.ui-testing";
		};
/* End PBXNativeTarget section */

/* Begin PBXProject section */
		F3D0A2F9223812D500D1DEF6 /* Project object */ = {
			isa = PBXProject;
			attributes = {
				LastSwiftUpdateCheck = 1010;
				LastUpgradeCheck = 1010;
				ORGANIZATIONNAME = "Luca Debeir";
				TargetAttributes = {
					F3D0A300223812D600D1DEF6 = {
						CreatedOnToolsVersion = 10.1;
					};
					F3D0A317223812D900D1DEF6 = {
						CreatedOnToolsVersion = 10.1;
						TestTargetID = F3D0A300223812D600D1DEF6;
					};
					F3D0A322223812D900D1DEF6 = {
						CreatedOnToolsVersion = 10.1;
						TestTargetID = F3D0A300223812D600D1DEF6;
					};
				};
			};
			buildConfigurationList = F3D0A2FC223812D500D1DEF6 /* Build configuration list for PBXProject "TD1" */;
			compatibilityVersion = "Xcode 9.3";
			developmentRegion = en;
			hasScannedForEncodings = 0;
			knownRegions = (
				en,
				Base,
			);
			mainGroup = F3D0A2F8223812D500D1DEF6;
			productRefGroup = F3D0A302223812D600D1DEF6 /* Products */;
			projectDirPath = "";
			projectRoot = "";
			targets = (
				F3D0A300223812D600D1DEF6 /* TD1 */,
				F3D0A317223812D900D1DEF6 /* TD1Tests */,
				F3D0A322223812D900D1DEF6 /* TD1UITests */,
			);
		};
/* End PBXProject section */

/* Begin PBXResourcesBuildPhase section */
		F3D0A2FF223812D600D1DEF6 /* Resources */ = {
			isa = PBXResourcesBuildPhase;
			buildActionMask = 2147483647;
			files = (
				F3D0A312223812D900D1DEF6 /* LaunchScreen.storyboard in Resources */,
				F3D0A30F223812D900D1DEF6 /* Assets.xcassets in Resources */,
				F3D0A30A223812D600D1DEF6 /* Main.storyboard in Resources */,
			);
			runOnlyForDeploymentPostprocessing = 0;
		};
		F3D0A316223812D900D1DEF6 /* Resources */ = {
			isa = PBXResourcesBuildPhase;
			buildActionMask = 2147483647;
			files = (
			);
			runOnlyForDeploymentPostprocessing = 0;
		};
		F3D0A321223812D900D1DEF6 /* Resources */ = {
			isa = PBXResourcesBuildPhase;
			buildActionMask = 2147483647;
			files = (
			);
			runOnlyForDeploymentPostprocessing = 0;
		};
/* End PBXResourcesBuildPhase section */

/* Begin PBXSourcesBuildPhase section */
		F3D0A2FD223812D600D1DEF6 /* Sources */ = {
			isa = PBXSourcesBuildPhase;
			buildActionMask = 2147483647;
			files = (
				F32F5F94224100F7003BD407 /* ModelTableView.swift in Sources */,
				F3D0A33A223956AF00D1DEF6 /* PersonSet.swift in Sources */,
				F32F5F912240F06D003BD407 /* TableViewController.swift in Sources */,
				F334816A2244FEF700BD5E03 /* EditTableViewController.swift in Sources */,
				F33481152242240300BD5E03 /* TableViewCell.swift in Sources */,
				F3D0A30D223812D600D1DEF6 /* TD1.xcdatamodeld in Sources */,
				F33481662243146600BD5E03 /* DialogBoxHelper.swift in Sources */,
				F33481682243149E00BD5E03 /* NotificationHelper.swift in Sources */,
				F33481642243144200BD5E03 /* FormValidatorHelper.swift in Sources */,
				F3D0A307223812D600D1DEF6 /* ViewController.swift in Sources */,
				F3D0A338223817A400D1DEF6 /* PersonExtension.swift in Sources */,
				F3D0A305223812D600D1DEF6 /* AppDelegate.swift in Sources */,
				F334816122424B2000BD5E03 /* CoreDataManager.swift in Sources */,
				F334810F22421F2200BD5E03 /* AddTableViewController.swift in Sources */,
			);
			runOnlyForDeploymentPostprocessing = 0;
		};
		F3D0A314223812D900D1DEF6 /* Sources */ = {
			isa = PBXSourcesBuildPhase;
			buildActionMask = 2147483647;
			files = (
				F32F5F8E223FC74E003BD407 /* PersonTests.swift in Sources */,
				F3D0A31D223812D900D1DEF6 /* TD1Tests.swift in Sources */,
			);
			runOnlyForDeploymentPostprocessing = 0;
		};
		F3D0A31F223812D900D1DEF6 /* Sources */ = {
			isa = PBXSourcesBuildPhase;
			buildActionMask = 2147483647;
			files = (
				F3D0A328223812D900D1DEF6 /* TD1UITests.swift in Sources */,
			);
			runOnlyForDeploymentPostprocessing = 0;
		};
/* End PBXSourcesBuildPhase section */

/* Begin PBXTargetDependency section */
		F3D0A31A223812D900D1DEF6 /* PBXTargetDependency */ = {
			isa = PBXTargetDependency;
			target = F3D0A300223812D600D1DEF6 /* TD1 */;
			targetProxy = F3D0A319223812D900D1DEF6 /* PBXContainerItemProxy */;
		};
		F3D0A325223812D900D1DEF6 /* PBXTargetDependency */ = {
			isa = PBXTargetDependency;
			target = F3D0A300223812D600D1DEF6 /* TD1 */;
			targetProxy = F3D0A324223812D900D1DEF6 /* PBXContainerItemProxy */;
		};
/* End PBXTargetDependency section */

/* Begin PBXVariantGroup section */
		F3D0A308223812D600D1DEF6 /* Main.storyboard */ = {
			isa = PBXVariantGroup;
			children = (
				F3D0A309223812D600D1DEF6 /* Base */,
			);
			name = Main.storyboard;
			sourceTree = "<group>";
		};
		F3D0A310223812D900D1DEF6 /* LaunchScreen.storyboard */ = {
			isa = PBXVariantGroup;
			children = (
				F3D0A311223812D900D1DEF6 /* Base */,
			);
			name = LaunchScreen.storyboard;
			sourceTree = "<group>";
		};
/* End PBXVariantGroup section */

/* Begin XCBuildConfiguration section */
		F3D0A32A223812D900D1DEF6 /* Debug */ = {
			isa = XCBuildConfiguration;
			buildSettings = {
				ALWAYS_SEARCH_USER_PATHS = NO;
				CLANG_ANALYZER_NONNULL = YES;
				CLANG_ANALYZER_NUMBER_OBJECT_CONVERSION = YES_AGGRESSIVE;
				CLANG_CXX_LANGUAGE_STANDARD = "gnu++14";
				CLANG_CXX_LIBRARY = "libc++";
				CLANG_ENABLE_MODULES = YES;
				CLANG_ENABLE_OBJC_ARC = YES;
				CLANG_ENABLE_OBJC_WEAK = YES;
				CLANG_WARN_BLOCK_CAPTURE_AUTORELEASING = YES;
				CLANG_WARN_BOOL_CONVERSION = YES;
				CLANG_WARN_COMMA = YES;
				CLANG_WARN_CONSTANT_CONVERSION = YES;
				CLANG_WARN_DEPRECATED_OBJC_IMPLEMENTATIONS = YES;
				CLANG_WARN_DIRECT_OBJC_ISA_USAGE = YES_ERROR;
				CLANG_WARN_DOCUMENTATION_COMMENTS = YES;
				CLANG_WARN_EMPTY_BODY = YES;
				CLANG_WARN_ENUM_CONVERSION = YES;
				CLANG_WARN_INFINITE_RECURSION = YES;
				CLANG_WARN_INT_CONVERSION = YES;
				CLANG_WARN_NON_LITERAL_NULL_CONVERSION = YES;
				CLANG_WARN_OBJC_IMPLICIT_RETAIN_SELF = YES;
				CLANG_WARN_OBJC_LITERAL_CONVERSION = YES;
				CLANG_WARN_OBJC_ROOT_CLASS = YES_ERROR;
				CLANG_WARN_RANGE_LOOP_ANALYSIS = YES;
				CLANG_WARN_STRICT_PROTOTYPES = YES;
				CLANG_WARN_SUSPICIOUS_MOVE = YES;
				CLANG_WARN_UNGUARDED_AVAILABILITY = YES_AGGRESSIVE;
				CLANG_WARN_UNREACHABLE_CODE = YES;
				CLANG_WARN__DUPLICATE_METHOD_MATCH = YES;
				CODE_SIGN_IDENTITY = "iPhone Developer";
				COPY_PHASE_STRIP = NO;
				DEBUG_INFORMATION_FORMAT = dwarf;
				ENABLE_STRICT_OBJC_MSGSEND = YES;
				ENABLE_TESTABILITY = YES;
				GCC_C_LANGUAGE_STANDARD = gnu11;
				GCC_DYNAMIC_NO_PIC = NO;
				GCC_NO_COMMON_BLOCKS = YES;
				GCC_OPTIMIZATION_LEVEL = 0;
				GCC_PREPROCESSOR_DEFINITIONS = (
					"DEBUG=1",
					"$(inherited)",
				);
				GCC_WARN_64_TO_32_BIT_CONVERSION = YES;
				GCC_WARN_ABOUT_RETURN_TYPE = YES_ERROR;
				GCC_WARN_UNDECLARED_SELECTOR = YES;
				GCC_WARN_UNINITIALIZED_AUTOS = YES_AGGRESSIVE;
				GCC_WARN_UNUSED_FUNCTION = YES;
				GCC_WARN_UNUSED_VARIABLE = YES;
				IPHONEOS_DEPLOYMENT_TARGET = 12.1;
				MTL_ENABLE_DEBUG_INFO = INCLUDE_SOURCE;
				MTL_FAST_MATH = YES;
				ONLY_ACTIVE_ARCH = YES;
				SDKROOT = iphoneos;
				SWIFT_ACTIVE_COMPILATION_CONDITIONS = DEBUG;
				SWIFT_OPTIMIZATION_LEVEL = "-Onone";
			};
			name = Debug;
		};
		F3D0A32B223812D900D1DEF6 /* Release */ = {
			isa = XCBuildConfiguration;
			buildSettings = {
				ALWAYS_SEARCH_USER_PATHS = NO;
				CLANG_ANALYZER_NONNULL = YES;
				CLANG_ANALYZER_NUMBER_OBJECT_CONVERSION = YES_AGGRESSIVE;
				CLANG_CXX_LANGUAGE_STANDARD = "gnu++14";
				CLANG_CXX_LIBRARY = "libc++";
				CLANG_ENABLE_MODULES = YES;
				CLANG_ENABLE_OBJC_ARC = YES;
				CLANG_ENABLE_OBJC_WEAK = YES;
				CLANG_WARN_BLOCK_CAPTURE_AUTORELEASING = YES;
				CLANG_WARN_BOOL_CONVERSION = YES;
				CLANG_WARN_COMMA = YES;
				CLANG_WARN_CONSTANT_CONVERSION = YES;
				CLANG_WARN_DEPRECATED_OBJC_IMPLEMENTATIONS = YES;
				CLANG_WARN_DIRECT_OBJC_ISA_USAGE = YES_ERROR;
				CLANG_WARN_DOCUMENTATION_COMMENTS = YES;
				CLANG_WARN_EMPTY_BODY = YES;
				CLANG_WARN_ENUM_CONVERSION = YES;
				CLANG_WARN_INFINITE_RECURSION = YES;
				CLANG_WARN_INT_CONVERSION = YES;
				CLANG_WARN_NON_LITERAL_NULL_CONVERSION = YES;
				CLANG_WARN_OBJC_IMPLICIT_RETAIN_SELF = YES;
				CLANG_WARN_OBJC_LITERAL_CONVERSION = YES;
				CLANG_WARN_OBJC_ROOT_CLASS = YES_ERROR;
				CLANG_WARN_RANGE_LOOP_ANALYSIS = YES;
				CLANG_WARN_STRICT_PROTOTYPES = YES;
				CLANG_WARN_SUSPICIOUS_MOVE = YES;
				CLANG_WARN_UNGUARDED_AVAILABILITY = YES_AGGRESSIVE;
				CLANG_WARN_UNREACHABLE_CODE = YES;
				CLANG_WARN__DUPLICATE_METHOD_MATCH = YES;
				CODE_SIGN_IDENTITY = "iPhone Developer";
				COPY_PHASE_STRIP = NO;
				DEBUG_INFORMATION_FORMAT = "dwarf-with-dsym";
				ENABLE_NS_ASSERTIONS = NO;
				ENABLE_STRICT_OBJC_MSGSEND = YES;
				GCC_C_LANGUAGE_STANDARD = gnu11;
				GCC_NO_COMMON_BLOCKS = YES;
				GCC_WARN_64_TO_32_BIT_CONVERSION = YES;
				GCC_WARN_ABOUT_RETURN_TYPE = YES_ERROR;
				GCC_WARN_UNDECLARED_SELECTOR = YES;
				GCC_WARN_UNINITIALIZED_AUTOS = YES_AGGRESSIVE;
				GCC_WARN_UNUSED_FUNCTION = YES;
				GCC_WARN_UNUSED_VARIABLE = YES;
				IPHONEOS_DEPLOYMENT_TARGET = 12.1;
				MTL_ENABLE_DEBUG_INFO = NO;
				MTL_FAST_MATH = YES;
				SDKROOT = iphoneos;
				SWIFT_COMPILATION_MODE = wholemodule;
				SWIFT_OPTIMIZATION_LEVEL = "-O";
				VALIDATE_PRODUCT = YES;
			};
			name = Release;
		};
		F3D0A32D223812D900D1DEF6 /* Debug */ = {
			isa = XCBuildConfiguration;
			buildSettings = {
				ASSETCATALOG_COMPILER_APPICON_NAME = AppIcon;
				CODE_SIGN_STYLE = Automatic;
				DEVELOPMENT_TEAM = BJP3N4QY3F;
				INFOPLIST_FILE = TD1/Info.plist;
				LD_RUNPATH_SEARCH_PATHS = (
					"$(inherited)",
					"@executable_path/Frameworks",
				);
				PRODUCT_BUNDLE_IDENTIFIER = LD.TD1;
				PRODUCT_NAME = "$(TARGET_NAME)";
				SWIFT_VERSION = 4.2;
				TARGETED_DEVICE_FAMILY = "1,2";
			};
			name = Debug;
		};
		F3D0A32E223812D900D1DEF6 /* Release */ = {
			isa = XCBuildConfiguration;
			buildSettings = {
				ASSETCATALOG_COMPILER_APPICON_NAME = AppIcon;
				CODE_SIGN_STYLE = Automatic;
				DEVELOPMENT_TEAM = BJP3N4QY3F;
				INFOPLIST_FILE = TD1/Info.plist;
				LD_RUNPATH_SEARCH_PATHS = (
					"$(inherited)",
					"@executable_path/Frameworks",
				);
				PRODUCT_BUNDLE_IDENTIFIER = LD.TD1;
				PRODUCT_NAME = "$(TARGET_NAME)";
				SWIFT_VERSION = 4.2;
				TARGETED_DEVICE_FAMILY = "1,2";
			};
			name = Release;
		};
		F3D0A330223812DA00D1DEF6 /* Debug */ = {
			isa = XCBuildConfiguration;
			buildSettings = {
				ALWAYS_EMBED_SWIFT_STANDARD_LIBRARIES = YES;
				BUNDLE_LOADER = "$(TEST_HOST)";
				CODE_SIGN_STYLE = Automatic;
				DEVELOPMENT_TEAM = BJP3N4QY3F;
				INFOPLIST_FILE = TD1Tests/Info.plist;
				LD_RUNPATH_SEARCH_PATHS = (
					"$(inherited)",
					"@executable_path/Frameworks",
					"@loader_path/Frameworks",
				);
				PRODUCT_BUNDLE_IDENTIFIER = LD.TD1Tests;
				PRODUCT_NAME = "$(TARGET_NAME)";
				SWIFT_VERSION = 4.2;
				TARGETED_DEVICE_FAMILY = "1,2";
				TEST_HOST = "$(BUILT_PRODUCTS_DIR)/TD1.app/TD1";
			};
			name = Debug;
		};
		F3D0A331223812DA00D1DEF6 /* Release */ = {
			isa = XCBuildConfiguration;
			buildSettings = {
				ALWAYS_EMBED_SWIFT_STANDARD_LIBRARIES = YES;
				BUNDLE_LOADER = "$(TEST_HOST)";
				CODE_SIGN_STYLE = Automatic;
				DEVELOPMENT_TEAM = BJP3N4QY3F;
				INFOPLIST_FILE = TD1Tests/Info.plist;
				LD_RUNPATH_SEARCH_PATHS = (
					"$(inherited)",
					"@executable_path/Frameworks",
					"@loader_path/Frameworks",
				);
				PRODUCT_BUNDLE_IDENTIFIER = LD.TD1Tests;
				PRODUCT_NAME = "$(TARGET_NAME)";
				SWIFT_VERSION = 4.2;
				TARGETED_DEVICE_FAMILY = "1,2";
				TEST_HOST = "$(BUILT_PRODUCTS_DIR)/TD1.app/TD1";
			};
			name = Release;
		};
		F3D0A333223812DA00D1DEF6 /* Debug */ = {
			isa = XCBuildConfiguration;
			buildSettings = {
				ALWAYS_EMBED_SWIFT_STANDARD_LIBRARIES = YES;
				CODE_SIGN_STYLE = Automatic;
				DEVELOPMENT_TEAM = BJP3N4QY3F;
				INFOPLIST_FILE = TD1UITests/Info.plist;
				LD_RUNPATH_SEARCH_PATHS = (
					"$(inherited)",
					"@executable_path/Frameworks",
					"@loader_path/Frameworks",
				);
				PRODUCT_BUNDLE_IDENTIFIER = LD.TD1UITests;
				PRODUCT_NAME = "$(TARGET_NAME)";
				SWIFT_VERSION = 4.2;
				TARGETED_DEVICE_FAMILY = "1,2";
				TEST_TARGET_NAME = TD1;
			};
			name = Debug;
		};
		F3D0A334223812DA00D1DEF6 /* Release */ = {
			isa = XCBuildConfiguration;
			buildSettings = {
				ALWAYS_EMBED_SWIFT_STANDARD_LIBRARIES = YES;
				CODE_SIGN_STYLE = Automatic;
				DEVELOPMENT_TEAM = BJP3N4QY3F;
				INFOPLIST_FILE = TD1UITests/Info.plist;
				LD_RUNPATH_SEARCH_PATHS = (
					"$(inherited)",
					"@executable_path/Frameworks",
					"@loader_path/Frameworks",
				);
				PRODUCT_BUNDLE_IDENTIFIER = LD.TD1UITests;
				PRODUCT_NAME = "$(TARGET_NAME)";
				SWIFT_VERSION = 4.2;
				TARGETED_DEVICE_FAMILY = "1,2";
				TEST_TARGET_NAME = TD1;
			};
			name = Release;
		};
/* End XCBuildConfiguration section */

/* Begin XCConfigurationList section */
		F3D0A2FC223812D500D1DEF6 /* Build configuration list for PBXProject "TD1" */ = {
			isa = XCConfigurationList;
			buildConfigurations = (
				F3D0A32A223812D900D1DEF6 /* Debug */,
				F3D0A32B223812D900D1DEF6 /* Release */,
			);
			defaultConfigurationIsVisible = 0;
			defaultConfigurationName = Release;
		};
		F3D0A32C223812D900D1DEF6 /* Build configuration list for PBXNativeTarget "TD1" */ = {
			isa = XCConfigurationList;
			buildConfigurations = (
				F3D0A32D223812D900D1DEF6 /* Debug */,
				F3D0A32E223812D900D1DEF6 /* Release */,
			);
			defaultConfigurationIsVisible = 0;
			defaultConfigurationName = Release;
		};
		F3D0A32F223812DA00D1DEF6 /* Build configuration list for PBXNativeTarget "TD1Tests" */ = {
			isa = XCConfigurationList;
			buildConfigurations = (
				F3D0A330223812DA00D1DEF6 /* Debug */,
				F3D0A331223812DA00D1DEF6 /* Release */,
			);
			defaultConfigurationIsVisible = 0;
			defaultConfigurationName = Release;
		};
		F3D0A332223812DA00D1DEF6 /* Build configuration list for PBXNativeTarget "TD1UITests" */ = {
			isa = XCConfigurationList;
			buildConfigurations = (
				F3D0A333223812DA00D1DEF6 /* Debug */,
				F3D0A334223812DA00D1DEF6 /* Release */,
			);
			defaultConfigurationIsVisible = 0;
			defaultConfigurationName = Release;
		};
/* End XCConfigurationList section */

/* Begin XCVersionGroup section */
		F3D0A30B223812D600D1DEF6 /* TD1.xcdatamodeld */ = {
			isa = XCVersionGroup;
			children = (
				F3D0A30C223812D600D1DEF6 /* TD1.xcdatamodel */,
			);
			currentVersion = F3D0A30C223812D600D1DEF6 /* TD1.xcdatamodel */;
			path = TD1.xcdatamodeld;
			sourceTree = "<group>";
			versionGroupType = wrapper.xcdatamodel;
		};
/* End XCVersionGroup section */
	};
	rootObject = F3D0A2F9223812D500D1DEF6 /* Project object */;
}
